
Microsoft Visual Studio Solution File, Format Version 12.00
# Visual Studio Version 17
VisualStudioVersion = 17.8.34511.84
MinimumVisualStudioVersion = 10.0.40219.1
Project("{FAE04EC0-301F-11D3-BF4B-00C04F79EFBC}") = "Tutorials1", "Tutorials1\Tutorials1.csproj", "{220C7CE2-003A-4EFD-8BD9-420745E14221}"
EndProject
Project("{FAE04EC0-301F-11D3-BF4B-00C04F79EFBC}") = "Tutorials 1.2", "Tutorials 1.2\Tutorials 1.2.csproj", "{FE2D5AA4-256B-4630-A7F1-FBC1E421B323}"
EndProject
Project("{FAE04EC0-301F-11D3-BF4B-00C04F79EFBC}") = "Tutorials 1.3", "Tutorials 1.3\Tutorials 1.3.csproj", "{1F117B84-C8D4-43E8-9164-0E1BB35E4B9A}"
EndProject
Global
	GlobalSection(SolutionConfigurationPlatforms) = preSolution
		Debug|Any CPU = Debug|Any CPU
		Release|Any CPU = Release|Any CPU
	EndGlobalSection
	GlobalSection(ProjectConfigurationPlatforms) = postSolution
		{220C7CE2-003A-4EFD-8BD9-420745E14221}.Debug|Any CPU.ActiveCfg = Debug|Any CPU
		{220C7CE2-003A-4EFD-8BD9-420745E14221}.Debug|Any CPU.Build.0 = Debug|Any CPU
		{220C7CE2-003A-4EFD-8BD9-420745E14221}.Release|Any CPU.ActiveCfg = Release|Any CPU
		{220C7CE2-003A-4EFD-8BD9-420745E14221}.Release|Any CPU.Build.0 = Release|Any CPU
		{FE2D5AA4-256B-4630-A7F1-FBC1E421B323}.Debug|Any CPU.ActiveCfg = Debug|Any CPU
		{FE2D5AA4-256B-4630-A7F1-FBC1E421B323}.Debug|Any CPU.Build.0 = Debug|Any CPU
		{FE2D5AA4-256B-4630-A7F1-FBC1E421B323}.Release|Any CPU.ActiveCfg = Release|Any CPU
		{FE2D5AA4-256B-4630-A7F1-FBC1E421B323}.Release|Any CPU.Build.0 = Release|Any CPU
		{1F117B84-C8D4-43E8-9164-0E1BB35E4B9A}.Debug|Any CPU.ActiveCfg = Debug|Any CPU
		{1F117B84-C8D4-43E8-9164-0E1BB35E4B9A}.Debug|Any CPU.Build.0 = Debug|Any CPU
		{1F117B84-C8D4-43E8-9164-0E1BB35E4B9A}.Release|Any CPU.ActiveCfg = Release|Any CPU
		{1F117B84-C8D4-43E8-9164-0E1BB35E4B9A}.Release|Any CPU.Build.0 = Release|Any CPU
	EndGlobalSection
	GlobalSection(SolutionProperties) = preSolution
		HideSolutionNode = FALSE
	EndGlobalSection
	GlobalSection(ExtensibilityGlobals) = postSolution
		SolutionGuid = {EE76D447-2325-4572-B367-B000AF59649D}
	EndGlobalSection
EndGlobal
